
Microsoft Visual Studio Solution File, Format Version 12.00
# Visual Studio Version 16
VisualStudioVersion = 16.0.32228.343
MinimumVisualStudioVersion = 10.0.40219.1
Project("{2150E333-8FDC-42A3-9474-1A3956D46DE8}") = "Sample", "Sample", "{D6057816-7EBA-40E4-9D05-101D1565086A}"
EndProject
Project("{FAE04EC0-301F-11D3-BF4B-00C04F79EFBC}") = "CosoleApp0411", "Sample\CosoleApp0411\CosoleApp0411.csproj", "{83994CBB-F92A-4E88-A9A5-E94395A74C85}"
EndProject
Project("{FAE04EC0-301F-11D3-BF4B-00C04F79EFBC}") = "WindowsFormsApp1", "Sample\WindowsFormsApp1\WindowsFormsApp1.csproj", "{AACB9941-BD41-4391-BD64-57A983C4AC10}"
EndProject
Project("{FAE04EC0-301F-11D3-BF4B-00C04F79EFBC}") = "BallApp", "Sample\BallApp\BallApp.csproj", "{373AAF52-AE4C-434E-B3B1-792BB1239739}"
EndProject
Project("{2150E333-8FDC-42A3-9474-1A3956D46DE8}") = "Chapter01", "Chapter01", "{8829AB7E-2476-4475-B18D-9F0BD43FE9E8}"
EndProject
Project("{FAE04EC0-301F-11D3-BF4B-00C04F79EFBC}") = "ProductSamle", "Chapter01\Product\ProductSamle.csproj", "{85DD5593-0B73-433B-A4BC-8C4B05E99B13}"
EndProject
Project("{2150E333-8FDC-42A3-9474-1A3956D46DE8}") = "Chapter02", "Chapter02", "{52CA8BA8-538D-4085-8C40-FEAAC6172889}"
EndProject
Project("{2150E333-8FDC-42A3-9474-1A3956D46DE8}") = "距離換算プログラム", "距離換算プログラム", "{74FADB7F-62A5-48A0-8E3E-5A6FB7833FD1}"
EndProject
Project("{FAE04EC0-301F-11D3-BF4B-00C04F79EFBC}") = "DistanceConverter", "Chapter02\距離換算プログラム\DistanceConverter\DistanceConverter.csproj", "{B323B73C-0906-476E-8F32-E4BED15EB0FA}"
EndProject
Project("{2150E333-8FDC-42A3-9474-1A3956D46DE8}") = "売上集計プログラム", "売上集計プログラム", "{359A801F-2EA2-4582-9478-4F68A60CF213}"
EndProject
Project("{FAE04EC0-301F-11D3-BF4B-00C04F79EFBC}") = "SalesCalculator", "Chapter02\売上集計プログラム\SalesCalculator\SalesCalculator.csproj", "{C78AF35C-69D9-4E4E-A582-BD584A5D6540}"
EndProject
Project("{2150E333-8FDC-42A3-9474-1A3956D46DE8}") = "演習問題", "演習問題", "{2472AB42-8F53-4B00-B28A-CE80B123EC0A}"
EndProject
Project("{FAE04EC0-301F-11D3-BF4B-00C04F79EFBC}") = "Exercise01", "Chapter02\演習問題\Exercise01\Exercise01.csproj", "{892690C2-FED3-4AFE-B625-E590697B5345}"
EndProject
Project("{FAE04EC0-301F-11D3-BF4B-00C04F79EFBC}") = "Exercise02", "Chapter02\演習問題\Exercise02\Exercise02.csproj", "{7218195A-9C5E-442A-9B1A-FE86BA5A32B3}"
EndProject
Project("{FAE04EC0-301F-11D3-BF4B-00C04F79EFBC}") = "Exercise03", "Chapter02\演習問題\Exercise03\Exercise03.csproj", "{96914557-1B56-487F-9CC7-D513797ADC91}"
EndProject
Project("{2150E333-8FDC-42A3-9474-1A3956D46DE8}") = "Chapter03", "Chapter03", "{0C2EE3F2-634E-401E-8982-5E0F00313B90}"
EndProject
Project("{FAE04EC0-301F-11D3-BF4B-00C04F79EFBC}") = "Section01", "Chapter03\Section01\Section01.csproj", "{4336E6AD-954C-4A57-A257-EC155F8ABBEC}"
EndProject
Project("{FAE04EC0-301F-11D3-BF4B-00C04F79EFBC}") = "Section03", "Chapter03\Section03\Section03.csproj", "{6496F7DA-E69A-4F13-9575-37EBA01790C3}"
EndProject
Project("{FAE04EC0-301F-11D3-BF4B-00C04F79EFBC}") = "Section04", "Chapter03\Section04\Section04.csproj", "{A7F76D5A-4DEA-40FE-9EA4-B60DACA2C792}"
EndProject
Project("{2150E333-8FDC-42A3-9474-1A3956D46DE8}") = "演習問題", "演習問題", "{C6B19A2F-E47A-4793-89FB-EC0B35520751}"
EndProject
Project("{FAE04EC0-301F-11D3-BF4B-00C04F79EFBC}") = "Exercise01", "Chapter03\演習問題\Exercise01\Exercise01.csproj", "{377DAA14-679A-41DD-8EE0-5CEAF11C5AF1}"
EndProject
Project("{FAE04EC0-301F-11D3-BF4B-00C04F79EFBC}") = "Exercise02", "Chapter03\演習問題\Exercise02\Exercise02.csproj", "{6A871AA5-917C-4DE3-ACB0-69AD7FD271CD}"
EndProject
Project("{2150E333-8FDC-42A3-9474-1A3956D46DE8}") = "Chapter04", "Chapter04", "{6809A600-BFAB-4BE1-948B-BEB2AEA29241}"
EndProject
Project("{FAE04EC0-301F-11D3-BF4B-00C04F79EFBC}") = "Section04", "Chapter04\Section04\Section04.csproj", "{FAF2CE3C-C7FE-4B38-AA1C-C329D355A932}"
EndProject
Project("{2150E333-8FDC-42A3-9474-1A3956D46DE8}") = "条件演算子'null合体演算子", "条件演算子'null合体演算子", "{E4BF9F86-F6B2-4391-91C2-865D32621FC5}"
EndProject
Project("{2150E333-8FDC-42A3-9474-1A3956D46DE8}") = "TryParse", "TryParse", "{569241ED-0F77-48DB-B1A7-3E67A7B69C87}"
EndProject
Project("{FAE04EC0-301F-11D3-BF4B-00C04F79EFBC}") = "Section07", "Chapter04\TryParse\Section07\Section07.csproj", "{42853CD3-BAAC-4726-9EDE-0A3F31CAD409}"
EndProject
Project("{2150E333-8FDC-42A3-9474-1A3956D46DE8}") = "演習問題", "演習問題", "{250F2A5E-1AF6-4831-A44B-1DC72E974B56}"
EndProject
Project("{FAE04EC0-301F-11D3-BF4B-00C04F79EFBC}") = "Exercise01", "Chapter04\演習問題\Exercise01\Exercise01.csproj", "{92002FD0-45FE-4AC3-82D2-50DA239F82AF}"
EndProject
Project("{FAE04EC0-301F-11D3-BF4B-00C04F79EFBC}") = "Exercise02", "Chapter04\演習問題\Exercise02\Exercise02.csproj", "{EDA01BCB-F676-48F3-A7F7-EBB0B75930F7}"
EndProject
Global
	GlobalSection(SolutionConfigurationPlatforms) = preSolution
		Debug|Any CPU = Debug|Any CPU
		Release|Any CPU = Release|Any CPU
	EndGlobalSection
	GlobalSection(ProjectConfigurationPlatforms) = postSolution
		{83994CBB-F92A-4E88-A9A5-E94395A74C85}.Debug|Any CPU.ActiveCfg = Debug|Any CPU
		{83994CBB-F92A-4E88-A9A5-E94395A74C85}.Debug|Any CPU.Build.0 = Debug|Any CPU
		{83994CBB-F92A-4E88-A9A5-E94395A74C85}.Release|Any CPU.ActiveCfg = Release|Any CPU
		{83994CBB-F92A-4E88-A9A5-E94395A74C85}.Release|Any CPU.Build.0 = Release|Any CPU
		{AACB9941-BD41-4391-BD64-57A983C4AC10}.Debug|Any CPU.ActiveCfg = Debug|Any CPU
		{AACB9941-BD41-4391-BD64-57A983C4AC10}.Debug|Any CPU.Build.0 = Debug|Any CPU
		{AACB9941-BD41-4391-BD64-57A983C4AC10}.Release|Any CPU.ActiveCfg = Release|Any CPU
		{AACB9941-BD41-4391-BD64-57A983C4AC10}.Release|Any CPU.Build.0 = Release|Any CPU
		{373AAF52-AE4C-434E-B3B1-792BB1239739}.Debug|Any CPU.ActiveCfg = Debug|Any CPU
		{373AAF52-AE4C-434E-B3B1-792BB1239739}.Debug|Any CPU.Build.0 = Debug|Any CPU
		{373AAF52-AE4C-434E-B3B1-792BB1239739}.Release|Any CPU.ActiveCfg = Release|Any CPU
		{373AAF52-AE4C-434E-B3B1-792BB1239739}.Release|Any CPU.Build.0 = Release|Any CPU
		{85DD5593-0B73-433B-A4BC-8C4B05E99B13}.Debug|Any CPU.ActiveCfg = Debug|Any CPU
		{85DD5593-0B73-433B-A4BC-8C4B05E99B13}.Debug|Any CPU.Build.0 = Debug|Any CPU
		{85DD5593-0B73-433B-A4BC-8C4B05E99B13}.Release|Any CPU.ActiveCfg = Release|Any CPU
		{85DD5593-0B73-433B-A4BC-8C4B05E99B13}.Release|Any CPU.Build.0 = Release|Any CPU
		{B323B73C-0906-476E-8F32-E4BED15EB0FA}.Debug|Any CPU.ActiveCfg = Debug|Any CPU
		{B323B73C-0906-476E-8F32-E4BED15EB0FA}.Debug|Any CPU.Build.0 = Debug|Any CPU
		{B323B73C-0906-476E-8F32-E4BED15EB0FA}.Release|Any CPU.ActiveCfg = Release|Any CPU
		{B323B73C-0906-476E-8F32-E4BED15EB0FA}.Release|Any CPU.Build.0 = Release|Any CPU
		{C78AF35C-69D9-4E4E-A582-BD584A5D6540}.Debug|Any CPU.ActiveCfg = Debug|Any CPU
		{C78AF35C-69D9-4E4E-A582-BD584A5D6540}.Debug|Any CPU.Build.0 = Debug|Any CPU
		{C78AF35C-69D9-4E4E-A582-BD584A5D6540}.Release|Any CPU.ActiveCfg = Release|Any CPU
		{C78AF35C-69D9-4E4E-A582-BD584A5D6540}.Release|Any CPU.Build.0 = Release|Any CPU
		{892690C2-FED3-4AFE-B625-E590697B5345}.Debug|Any CPU.ActiveCfg = Debug|Any CPU
		{892690C2-FED3-4AFE-B625-E590697B5345}.Debug|Any CPU.Build.0 = Debug|Any CPU
		{892690C2-FED3-4AFE-B625-E590697B5345}.Release|Any CPU.ActiveCfg = Release|Any CPU
		{892690C2-FED3-4AFE-B625-E590697B5345}.Release|Any CPU.Build.0 = Release|Any CPU
		{7218195A-9C5E-442A-9B1A-FE86BA5A32B3}.Debug|Any CPU.ActiveCfg = Debug|Any CPU
		{7218195A-9C5E-442A-9B1A-FE86BA5A32B3}.Debug|Any CPU.Build.0 = Debug|Any CPU
		{7218195A-9C5E-442A-9B1A-FE86BA5A32B3}.Release|Any CPU.ActiveCfg = Release|Any CPU
		{7218195A-9C5E-442A-9B1A-FE86BA5A32B3}.Release|Any CPU.Build.0 = Release|Any CPU
		{96914557-1B56-487F-9CC7-D513797ADC91}.Debug|Any CPU.ActiveCfg = Debug|Any CPU
		{96914557-1B56-487F-9CC7-D513797ADC91}.Debug|Any CPU.Build.0 = Debug|Any CPU
		{96914557-1B56-487F-9CC7-D513797ADC91}.Release|Any CPU.ActiveCfg = Release|Any CPU
		{96914557-1B56-487F-9CC7-D513797ADC91}.Release|Any CPU.Build.0 = Release|Any CPU
		{4336E6AD-954C-4A57-A257-EC155F8ABBEC}.Debug|Any CPU.ActiveCfg = Debug|Any CPU
		{4336E6AD-954C-4A57-A257-EC155F8ABBEC}.Debug|Any CPU.Build.0 = Debug|Any CPU
		{4336E6AD-954C-4A57-A257-EC155F8ABBEC}.Release|Any CPU.ActiveCfg = Release|Any CPU
		{4336E6AD-954C-4A57-A257-EC155F8ABBEC}.Release|Any CPU.Build.0 = Release|Any CPU
		{6496F7DA-E69A-4F13-9575-37EBA01790C3}.Debug|Any CPU.ActiveCfg = Debug|Any CPU
		{6496F7DA-E69A-4F13-9575-37EBA01790C3}.Debug|Any CPU.Build.0 = Debug|Any CPU
		{6496F7DA-E69A-4F13-9575-37EBA01790C3}.Release|Any CPU.ActiveCfg = Release|Any CPU
		{6496F7DA-E69A-4F13-9575-37EBA01790C3}.Release|Any CPU.Build.0 = Release|Any CPU
		{A7F76D5A-4DEA-40FE-9EA4-B60DACA2C792}.Debug|Any CPU.ActiveCfg = Debug|Any CPU
		{A7F76D5A-4DEA-40FE-9EA4-B60DACA2C792}.Debug|Any CPU.Build.0 = Debug|Any CPU
		{A7F76D5A-4DEA-40FE-9EA4-B60DACA2C792}.Release|Any CPU.ActiveCfg = Release|Any CPU
		{A7F76D5A-4DEA-40FE-9EA4-B60DACA2C792}.Release|Any CPU.Build.0 = Release|Any CPU
		{377DAA14-679A-41DD-8EE0-5CEAF11C5AF1}.Debug|Any CPU.ActiveCfg = Debug|Any CPU
		{377DAA14-679A-41DD-8EE0-5CEAF11C5AF1}.Debug|Any CPU.Build.0 = Debug|Any CPU
		{377DAA14-679A-41DD-8EE0-5CEAF11C5AF1}.Release|Any CPU.ActiveCfg = Release|Any CPU
		{377DAA14-679A-41DD-8EE0-5CEAF11C5AF1}.Release|Any CPU.Build.0 = Release|Any CPU
		{6A871AA5-917C-4DE3-ACB0-69AD7FD271CD}.Debug|Any CPU.ActiveCfg = Debug|Any CPU
		{6A871AA5-917C-4DE3-ACB0-69AD7FD271CD}.Debug|Any CPU.Build.0 = Debug|Any CPU
		{6A871AA5-917C-4DE3-ACB0-69AD7FD271CD}.Release|Any CPU.ActiveCfg = Release|Any CPU
		{6A871AA5-917C-4DE3-ACB0-69AD7FD271CD}.Release|Any CPU.Build.0 = Release|Any CPU
		{FAF2CE3C-C7FE-4B38-AA1C-C329D355A932}.Debug|Any CPU.ActiveCfg = Debug|Any CPU
		{FAF2CE3C-C7FE-4B38-AA1C-C329D355A932}.Debug|Any CPU.Build.0 = Debug|Any CPU
		{FAF2CE3C-C7FE-4B38-AA1C-C329D355A932}.Release|Any CPU.ActiveCfg = Release|Any CPU
		{FAF2CE3C-C7FE-4B38-AA1C-C329D355A932}.Release|Any CPU.Build.0 = Release|Any CPU
		{42853CD3-BAAC-4726-9EDE-0A3F31CAD409}.Debug|Any CPU.ActiveCfg = Debug|Any CPU
		{42853CD3-BAAC-4726-9EDE-0A3F31CAD409}.Debug|Any CPU.Build.0 = Debug|Any CPU
		{42853CD3-BAAC-4726-9EDE-0A3F31CAD409}.Release|Any CPU.ActiveCfg = Release|Any CPU
		{42853CD3-BAAC-4726-9EDE-0A3F31CAD409}.Release|Any CPU.Build.0 = Release|Any CPU
		{92002FD0-45FE-4AC3-82D2-50DA239F82AF}.Debug|Any CPU.ActiveCfg = Debug|Any CPU
		{92002FD0-45FE-4AC3-82D2-50DA239F82AF}.Debug|Any CPU.Build.0 = Debug|Any CPU
		{92002FD0-45FE-4AC3-82D2-50DA239F82AF}.Release|Any CPU.ActiveCfg = Release|Any CPU
		{92002FD0-45FE-4AC3-82D2-50DA239F82AF}.Release|Any CPU.Build.0 = Release|Any CPU
		{EDA01BCB-F676-48F3-A7F7-EBB0B75930F7}.Debug|Any CPU.ActiveCfg = Debug|Any CPU
		{EDA01BCB-F676-48F3-A7F7-EBB0B75930F7}.Debug|Any CPU.Build.0 = Debug|Any CPU
		{EDA01BCB-F676-48F3-A7F7-EBB0B75930F7}.Release|Any CPU.ActiveCfg = Release|Any CPU
		{EDA01BCB-F676-48F3-A7F7-EBB0B75930F7}.Release|Any CPU.Build.0 = Release|Any CPU
	EndGlobalSection
	GlobalSection(SolutionProperties) = preSolution
		HideSolutionNode = FALSE
	EndGlobalSection
	GlobalSection(NestedProjects) = preSolution
		{83994CBB-F92A-4E88-A9A5-E94395A74C85} = {D6057816-7EBA-40E4-9D05-101D1565086A}
		{AACB9941-BD41-4391-BD64-57A983C4AC10} = {D6057816-7EBA-40E4-9D05-101D1565086A}
		{373AAF52-AE4C-434E-B3B1-792BB1239739} = {D6057816-7EBA-40E4-9D05-101D1565086A}
		{85DD5593-0B73-433B-A4BC-8C4B05E99B13} = {8829AB7E-2476-4475-B18D-9F0BD43FE9E8}
		{74FADB7F-62A5-48A0-8E3E-5A6FB7833FD1} = {52CA8BA8-538D-4085-8C40-FEAAC6172889}
		{B323B73C-0906-476E-8F32-E4BED15EB0FA} = {52CA8BA8-538D-4085-8C40-FEAAC6172889}
		{359A801F-2EA2-4582-9478-4F68A60CF213} = {52CA8BA8-538D-4085-8C40-FEAAC6172889}
		{C78AF35C-69D9-4E4E-A582-BD584A5D6540} = {359A801F-2EA2-4582-9478-4F68A60CF213}
		{2472AB42-8F53-4B00-B28A-CE80B123EC0A} = {52CA8BA8-538D-4085-8C40-FEAAC6172889}
		{892690C2-FED3-4AFE-B625-E590697B5345} = {2472AB42-8F53-4B00-B28A-CE80B123EC0A}
		{7218195A-9C5E-442A-9B1A-FE86BA5A32B3} = {2472AB42-8F53-4B00-B28A-CE80B123EC0A}
		{96914557-1B56-487F-9CC7-D513797ADC91} = {2472AB42-8F53-4B00-B28A-CE80B123EC0A}
		{4336E6AD-954C-4A57-A257-EC155F8ABBEC} = {0C2EE3F2-634E-401E-8982-5E0F00313B90}
		{6496F7DA-E69A-4F13-9575-37EBA01790C3} = {0C2EE3F2-634E-401E-8982-5E0F00313B90}
		{A7F76D5A-4DEA-40FE-9EA4-B60DACA2C792} = {0C2EE3F2-634E-401E-8982-5E0F00313B90}
		{C6B19A2F-E47A-4793-89FB-EC0B35520751} = {0C2EE3F2-634E-401E-8982-5E0F00313B90}
		{377DAA14-679A-41DD-8EE0-5CEAF11C5AF1} = {C6B19A2F-E47A-4793-89FB-EC0B35520751}
		{6A871AA5-917C-4DE3-ACB0-69AD7FD271CD} = {C6B19A2F-E47A-4793-89FB-EC0B35520751}
		{FAF2CE3C-C7FE-4B38-AA1C-C329D355A932} = {E4BF9F86-F6B2-4391-91C2-865D32621FC5}
		{E4BF9F86-F6B2-4391-91C2-865D32621FC5} = {6809A600-BFAB-4BE1-948B-BEB2AEA29241}
		{569241ED-0F77-48DB-B1A7-3E67A7B69C87} = {6809A600-BFAB-4BE1-948B-BEB2AEA29241}
		{42853CD3-BAAC-4726-9EDE-0A3F31CAD409} = {569241ED-0F77-48DB-B1A7-3E67A7B69C87}
		{250F2A5E-1AF6-4831-A44B-1DC72E974B56} = {6809A600-BFAB-4BE1-948B-BEB2AEA29241}
		{92002FD0-45FE-4AC3-82D2-50DA239F82AF} = {250F2A5E-1AF6-4831-A44B-1DC72E974B56}
		{EDA01BCB-F676-48F3-A7F7-EBB0B75930F7} = {250F2A5E-1AF6-4831-A44B-1DC72E974B56}
	EndGlobalSection
	GlobalSection(ExtensibilityGlobals) = postSolution
		SolutionGuid = {E1B1FA2A-4C67-40ED-9F2D-4B00BB049E44}
	EndGlobalSection
EndGlobal
