
Microsoft Visual Studio Solution File, Format Version 12.00
# Visual Studio Version 16
VisualStudioVersion = 16.0.32228.343
MinimumVisualStudioVersion = 10.0.40219.1
Project("{2150E333-8FDC-42A3-9474-1A3956D46DE8}") = "Sample", "Sample", "{D6057816-7EBA-40E4-9D05-101D1565086A}"
EndProject
Project("{FAE04EC0-301F-11D3-BF4B-00C04F79EFBC}") = "CosoleApp0411", "Sample\CosoleApp0411\CosoleApp0411.csproj", "{83994CBB-F92A-4E88-A9A5-E94395A74C85}"
EndProject
Project("{FAE04EC0-301F-11D3-BF4B-00C04F79EFBC}") = "WindowsFormsApp1", "Sample\WindowsFormsApp1\WindowsFormsApp1.csproj", "{AACB9941-BD41-4391-BD64-57A983C4AC10}"
EndProject
Project("{FAE04EC0-301F-11D3-BF4B-00C04F79EFBC}") = "BallApp", "Sample\BallApp\BallApp.csproj", "{373AAF52-AE4C-434E-B3B1-792BB1239739}"
EndProject
Project("{2150E333-8FDC-42A3-9474-1A3956D46DE8}") = "Chapter01", "Chapter01", "{8829AB7E-2476-4475-B18D-9F0BD43FE9E8}"
EndProject
Project("{FAE04EC0-301F-11D3-BF4B-00C04F79EFBC}") = "ProductSamle", "Chapter01\Product\ProductSamle.csproj", "{85DD5593-0B73-433B-A4BC-8C4B05E99B13}"
EndProject
Project("{2150E333-8FDC-42A3-9474-1A3956D46DE8}") = "Chapter02", "Chapter02", "{52CA8BA8-538D-4085-8C40-FEAAC6172889}"
EndProject
Project("{2150E333-8FDC-42A3-9474-1A3956D46DE8}") = "距離換算プログラム", "距離換算プログラム", "{74FADB7F-62A5-48A0-8E3E-5A6FB7833FD1}"
EndProject
Project("{FAE04EC0-301F-11D3-BF4B-00C04F79EFBC}") = "DistanceConverter", "Chapter02\距離換算プログラム\DistanceConverter\DistanceConverter.csproj", "{B323B73C-0906-476E-8F32-E4BED15EB0FA}"
EndProject
Project("{2150E333-8FDC-42A3-9474-1A3956D46DE8}") = "売上集計プログラム", "売上集計プログラム", "{359A801F-2EA2-4582-9478-4F68A60CF213}"
EndProject
Project("{FAE04EC0-301F-11D3-BF4B-00C04F79EFBC}") = "SalesCalculator", "Chapter02\売上集計プログラム\SalesCalculator\SalesCalculator.csproj", "{C78AF35C-69D9-4E4E-A582-BD584A5D6540}"
EndProject
Project("{2150E333-8FDC-42A3-9474-1A3956D46DE8}") = "演習問題", "演習問題", "{2472AB42-8F53-4B00-B28A-CE80B123EC0A}"
EndProject
Project("{FAE04EC0-301F-11D3-BF4B-00C04F79EFBC}") = "Exercise01", "Chapter02\演習問題\Exercise01\Exercise01.csproj", "{892690C2-FED3-4AFE-B625-E590697B5345}"
EndProject
Project("{FAE04EC0-301F-11D3-BF4B-00C04F79EFBC}") = "Exercise02", "Chapter02\演習問題\Exercise02\Exercise02.csproj", "{7218195A-9C5E-442A-9B1A-FE86BA5A32B3}"
EndProject
Project("{FAE04EC0-301F-11D3-BF4B-00C04F79EFBC}") = "Exercise03", "Chapter02\演習問題\Exercise03\Exercise03.csproj", "{96914557-1B56-487F-9CC7-D513797ADC91}"
EndProject
Project("{2150E333-8FDC-42A3-9474-1A3956D46DE8}") = "Chapter03", "Chapter03", "{0C2EE3F2-634E-401E-8982-5E0F00313B90}"
EndProject
Project("{FAE04EC0-301F-11D3-BF4B-00C04F79EFBC}") = "Section01", "Chapter03\Section01\Section01.csproj", "{4336E6AD-954C-4A57-A257-EC155F8ABBEC}"
EndProject
Project("{FAE04EC0-301F-11D3-BF4B-00C04F79EFBC}") = "Section03", "Chapter03\Section03\Section03.csproj", "{6496F7DA-E69A-4F13-9575-37EBA01790C3}"
EndProject
Project("{FAE04EC0-301F-11D3-BF4B-00C04F79EFBC}") = "Section04", "Chapter03\Section04\Section04.csproj", "{A7F76D5A-4DEA-40FE-9EA4-B60DACA2C792}"
EndProject
Project("{2150E333-8FDC-42A3-9474-1A3956D46DE8}") = "演習問題", "演習問題", "{C6B19A2F-E47A-4793-89FB-EC0B35520751}"
EndProject
Project("{FAE04EC0-301F-11D3-BF4B-00C04F79EFBC}") = "Exercise01", "Chapter03\演習問題\Exercise01\Exercise01.csproj", "{377DAA14-679A-41DD-8EE0-5CEAF11C5AF1}"
EndProject
Project("{FAE04EC0-301F-11D3-BF4B-00C04F79EFBC}") = "Exercise02", "Chapter03\演習問題\Exercise02\Exercise02.csproj", "{6A871AA5-917C-4DE3-ACB0-69AD7FD271CD}"
EndProject
Project("{2150E333-8FDC-42A3-9474-1A3956D46DE8}") = "Chapter04", "Chapter04", "{6809A600-BFAB-4BE1-948B-BEB2AEA29241}"
EndProject
Project("{FAE04EC0-301F-11D3-BF4B-00C04F79EFBC}") = "Section04", "Chapter04\Section04\Section04.csproj", "{FAF2CE3C-C7FE-4B38-AA1C-C329D355A932}"
EndProject
Project("{2150E333-8FDC-42A3-9474-1A3956D46DE8}") = "条件演算子'null合体演算子", "条件演算子'null合体演算子", "{E4BF9F86-F6B2-4391-91C2-865D32621FC5}"
EndProject
Project("{2150E333-8FDC-42A3-9474-1A3956D46DE8}") = "TryParse", "TryParse", "{569241ED-0F77-48DB-B1A7-3E67A7B69C87}"
EndProject
Project("{FAE04EC0-301F-11D3-BF4B-00C04F79EFBC}") = "Section07", "Chapter04\TryParse\Section07\Section07.csproj", "{42853CD3-BAAC-4726-9EDE-0A3F31CAD409}"
EndProject
Project("{2150E333-8FDC-42A3-9474-1A3956D46DE8}") = "演習問題", "演習問題", "{250F2A5E-1AF6-4831-A44B-1DC72E974B56}"
EndProject
Project("{FAE04EC0-301F-11D3-BF4B-00C04F79EFBC}") = "Exercise01", "Chapter04\演習問題\Exercise01\Exercise01.csproj", "{92002FD0-45FE-4AC3-82D2-50DA239F82AF}"
EndProject
Project("{FAE04EC0-301F-11D3-BF4B-00C04F79EFBC}") = "Exercise02", "Chapter04\演習問題\Exercise02\Exercise02.csproj", "{EDA01BCB-F676-48F3-A7F7-EBB0B75930F7}"
EndProject
Project("{2150E333-8FDC-42A3-9474-1A3956D46DE8}") = "Chapter05", "Chapter05", "{9C8D39C4-81CE-4888-8C7D-2BC6A168F839}"
EndProject
Project("{2150E333-8FDC-42A3-9474-1A3956D46DE8}") = "演習問題", "演習問題", "{9F405643-8330-4203-AD69-BCCC2C234312}"
EndProject
Project("{FAE04EC0-301F-11D3-BF4B-00C04F79EFBC}") = "Exercise01", "Chapter05\演習問題\Exercise01\Exercise01.csproj", "{663C57E3-9A20-4097-9F50-867EA6EE8264}"
EndProject
Project("{FAE04EC0-301F-11D3-BF4B-00C04F79EFBC}") = "Exercise02", "Chapter05\演習問題\Exercise02\Exercise02.csproj", "{3DE1F591-D2B7-4442-917C-23B94066CE30}"
EndProject
Project("{FAE04EC0-301F-11D3-BF4B-00C04F79EFBC}") = "Exercise03", "Chapter05\演習問題\Exercise03\Exercise03.csproj", "{CEC2FCD7-96D6-4B75-932A-E9470775CDFC}"
EndProject
Project("{FAE04EC0-301F-11D3-BF4B-00C04F79EFBC}") = "Exercise04", "Chapter05\演習問題\Exercise04\Exercise04\Exercise04.csproj", "{B8C81BE6-1EA5-4E71-B80C-711492630065}"
EndProject
Project("{2150E333-8FDC-42A3-9474-1A3956D46DE8}") = "Chapter06", "Chapter06", "{4D4EB797-114C-4C2F-A137-64F8EDE34013}"
EndProject
Project("{FAE04EC0-301F-11D3-BF4B-00C04F79EFBC}") = "Section01", "Chapter06\Section01\Section01.csproj", "{5DCB4732-506E-4E1B-93EA-9846FC0A5C95}"
EndProject
Project("{FAE04EC0-301F-11D3-BF4B-00C04F79EFBC}") = "Section02", "Chapter06\Section02\Section02.csproj", "{6E9A1986-9AD6-4150-A185-D5288FA418E4}"
EndProject
Project("{2150E333-8FDC-42A3-9474-1A3956D46DE8}") = "演習問題", "演習問題", "{12D2D34B-67F1-439D-B671-2E325704B63C}"
EndProject
Project("{FAE04EC0-301F-11D3-BF4B-00C04F79EFBC}") = "Exercise02", "Chapter06\演習問題\Exercise02\Exercise02.csproj", "{8F71B911-FDA8-4353-862E-9ABDA7528BFC}"
EndProject
Project("{FAE04EC0-301F-11D3-BF4B-00C04F79EFBC}") = "Exercise01", "Chapter06\演習問題\Exercise01\Exercise01.csproj", "{CD10C143-4D4C-48BE-96DC-EF2CCCB18CD7}"
EndProject
Project("{2150E333-8FDC-42A3-9474-1A3956D46DE8}") = "試験01", "試験01", "{120FDB0E-7996-4C8C-8AB5-C55FAC5BB2B2}"
EndProject
Project("{FAE04EC0-301F-11D3-BF4B-00C04F79EFBC}") = "Test01", "TestProject\Test01\Test01.csproj", "{2BFACDC3-F44D-4199-8498-F5C3C4AC0335}"
EndProject
Project("{FAE04EC0-301F-11D3-BF4B-00C04F79EFBC}") = "Test02", "TestProject\Test02\Test02.csproj", "{E461C0A8-8900-485C-B520-E929BA33F712}"
EndProject
Project("{2150E333-8FDC-42A3-9474-1A3956D46DE8}") = "Chapter07", "Chapter07", "{1D6F3427-C471-4F22-8FF7-A7B040245EF0}"
EndProject
Project("{FAE04EC0-301F-11D3-BF4B-00C04F79EFBC}") = "Section01", "Chapter07\Section01\Section01.csproj", "{16A8D6C4-1A62-425A-8E8B-EE4E8CBD4BBF}"
EndProject
Project("{FAE04EC0-301F-11D3-BF4B-00C04F79EFBC}") = "Section02", "Chapter07\Section02\Section02.csproj", "{935D7B14-DF7B-4444-A262-2CC634EFFAC6}"
EndProject
Project("{FAE04EC0-301F-11D3-BF4B-00C04F79EFBC}") = "Section03", "Chapter07\Section03\Section03.csproj", "{E299EEF3-3992-4F32-B4D4-3330E5B8373F}"
EndProject
Project("{2150E333-8FDC-42A3-9474-1A3956D46DE8}") = "演習問題", "演習問題", "{E9807652-5327-476D-8001-99A667292E48}"
EndProject
Project("{FAE04EC0-301F-11D3-BF4B-00C04F79EFBC}") = "Exercise01", "Chapter07\演習問題\Exercise01\Exercise01.csproj", "{42FD4484-2B12-4942-8455-A9952B54904E}"
EndProject
Project("{FAE04EC0-301F-11D3-BF4B-00C04F79EFBC}") = "Exercise02", "Chapter07\演習問題\Exercise02\Exercise02.csproj", "{F2738554-78F2-4B45-B173-7E07BF06E0EB}"
EndProject
Project("{2150E333-8FDC-42A3-9474-1A3956D46DE8}") = "Chapter08", "Chapter08", "{A1F6B756-FBEF-4615-83AF-DB0C85382D6A}"
EndProject
Project("{2150E333-8FDC-42A3-9474-1A3956D46DE8}") = "演習問題", "演習問題", "{ECA566A8-B988-4D85-8F3A-89846C291ECE}"
EndProject
Project("{FAE04EC0-301F-11D3-BF4B-00C04F79EFBC}") = "Exercise01", "Chapter08\演習問題\Exercise01\Exercise01.csproj", "{83748C11-0C1D-4989-A367-5FB72C7F64D1}"
EndProject
Project("{FAE04EC0-301F-11D3-BF4B-00C04F79EFBC}") = "Exercise02", "Chapter08\演習問題\Exercise02\Exercise02.csproj", "{05DF60A3-69E1-4497-B32B-011A01C525AB}"
EndProject
Project("{2150E333-8FDC-42A3-9474-1A3956D46DE8}") = "フォームアプリケーション", "フォームアプリケーション", "{03D78BDA-F853-4323-95A6-23EDB122A2CC}"
EndProject
Project("{FAE04EC0-301F-11D3-BF4B-00C04F79EFBC}") = "CalendarApp", "Chapter08\フォームアプリケーション\CalendarApp\CalendarApp.csproj", "{F5DC095C-136C-4A29-B23D-DA36FD43D04F}"
EndProject
Project("{2150E333-8FDC-42A3-9474-1A3956D46DE8}") = "FormApps", "FormApps", "{84857939-440E-42E6-9375-0541AEF5C98C}"
EndProject
Project("{FAE04EC0-301F-11D3-BF4B-00C04F79EFBC}") = "CarReportSystem", "FormApps\CarReportSystem\CarReportSystem.csproj", "{FBDD8336-77FA-40B4-A865-B1CA3931229C}"
EndProject
Project("{2150E333-8FDC-42A3-9474-1A3956D46DE8}") = "Chapter13", "Chapter13", "{373EE57F-8E42-4DD5-9AC8-142C4FCD065D}"
EndProject
Project("{FAE04EC0-301F-11D3-BF4B-00C04F79EFBC}") = "SampleEntityFramework", "Chapter13\SampleEntityFrameWork\SampleEntityFramework.csproj", "{5FA3DAAD-B171-4EAC-BEC0-A5B4923F1FA2}"
EndProject
Project("{2150E333-8FDC-42A3-9474-1A3956D46DE8}") = "Chapter14", "Chapter14", "{E209036C-F0E0-420C-93D3-65D45D97992F}"
EndProject
Project("{FAE04EC0-301F-11D3-BF4B-00C04F79EFBC}") = "Section01", "Chapter14\Section01\Section01.csproj", "{7ECCB0C3-71AD-41C0-B3CC-3646217397DA}"
EndProject
Project("{FAE04EC0-301F-11D3-BF4B-00C04F79EFBC}") = "Section02", "Chapter14\Section02\Section02.csproj", "{7A74667F-FCCB-436A-B59F-198B47AB2213}"
EndProject
Project("{FAE04EC0-301F-11D3-BF4B-00C04F79EFBC}") = "Section04", "Chapter14\Section04\Section04.csproj", "{6B076528-8039-4152-B90B-0561E2BDD09A}"
EndProject
Project("{FAE04EC0-301F-11D3-BF4B-00C04F79EFBC}") = "RssReader", "FormApps\RssReader\RssReader.csproj", "{F1E29DDA-6BE5-4AD3-9053-64AC6897F9B8}"
EndProject
Project("{2150E333-8FDC-42A3-9474-1A3956D46DE8}") = "Chapter10", "Chapter10", "{FD890A5F-EFDC-465D-BD95-3DA59A5FD29F}"
EndProject
Project("{FAE04EC0-301F-11D3-BF4B-00C04F79EFBC}") = "Section02", "Chapter10\Section02\Section02.csproj", "{1A569092-18ED-4BD8-A877-1C871CB100D8}"
EndProject
Project("{FAE04EC0-301F-11D3-BF4B-00C04F79EFBC}") = "Section03", "Chapter10\Section03\Section03.csproj", "{30119E5B-B220-404B-A842-885064CEE8FB}"
EndProject
Project("{2150E333-8FDC-42A3-9474-1A3956D46DE8}") = "演習問題", "演習問題", "{C1E91714-FB39-439E-8239-D49EDAD39F74}"
EndProject
Project("{FAE04EC0-301F-11D3-BF4B-00C04F79EFBC}") = "Exercise01", "Chapter10\演習問題\Exercise01\Exercise01.csproj", "{0B09B41F-BBB3-49EA-A0E8-703795269BA9}"
EndProject
Project("{FAE04EC0-301F-11D3-BF4B-00C04F79EFBC}") = "Exercise02", "Chapter10\演習問題\Exercise02\Exercise02.csproj", "{0FEE1704-D99F-467D-AC44-4CDF60DF9F81}"
EndProject
Project("{FAE04EC0-301F-11D3-BF4B-00C04F79EFBC}") = "Exercise03", "Chapter10\演習問題\Exercise03\Exercise03.csproj", "{3E572B4F-73FD-4669-915A-94845A9759F5}"
EndProject
Project("{FAE04EC0-301F-11D3-BF4B-00C04F79EFBC}") = "Exercise04", "Chapter10\演習問題\Exercise04\Exercise04.csproj", "{BE7442BD-1639-4EDD-B770-00D8D1C53DAF}"
EndProject
Project("{FAE04EC0-301F-11D3-BF4B-00C04F79EFBC}") = "Exercise05", "Chapter10\演習問題\Exercise05\Exercise05.csproj", "{94E678E9-4516-475A-9FDA-7D6234A6C760}"
EndProject
Project("{FAE04EC0-301F-11D3-BF4B-00C04F79EFBC}") = "Exercise06", "Chapter10\演習問題\Exercise06\Exercise06.csproj", "{FE03716E-82F9-4DF0-84CB-09D10A661093}"
EndProject
Project("{2150E333-8FDC-42A3-9474-1A3956D46DE8}") = "Chapter15", "Chapter15", "{D46FD70E-DDAB-4488-923C-A3AB346D375C}"
EndProject
Project("{FAE04EC0-301F-11D3-BF4B-00C04F79EFBC}") = "Section01", "Chapter15\Section01\Section01.csproj", "{A0BCFB46-03BD-41C6-9F04-70FC79D9320B}"
EndProject
Project("{2150E333-8FDC-42A3-9474-1A3956D46DE8}") = "演習問題", "演習問題", "{81FF9E02-4763-448F-8BF2-811DFCA9D096}"
EndProject
Project("{FAE04EC0-301F-11D3-BF4B-00C04F79EFBC}") = "Exercise01", "Chapter15\演習問題\Exercise01\Exercise01.csproj", "{47A96DEE-985B-4D83-B3F9-179107DDA7A3}"
EndProject
Project("{2150E333-8FDC-42A3-9474-1A3956D46DE8}") = "Chapter17", "Chapter17", "{573394C2-8E16-4EF6-B94A-394B954E512C}"
EndProject
Project("{FAE04EC0-301F-11D3-BF4B-00C04F79EFBC}") = "Section01", "Chapter17\Section01\Section01.csproj", "{DA83BBD5-5BAF-4868-916E-985215BDE41A}"
EndProject
Project("{2150E333-8FDC-42A3-9474-1A3956D46DE8}") = "Templatemethod", "Templatemethod", "{ABBF86D9-3792-4284-8077-9FFD13D58811}"
EndProject
Project("{FAE04EC0-301F-11D3-BF4B-00C04F79EFBC}") = "TextFileProcessor", "Chapter17\Templatemethod\TextFileProcessor\TextFileProcessor.csproj", "{9511D1D5-4FE7-46C6-9292-32D471558406}"
EndProject
Project("{FAE04EC0-301F-11D3-BF4B-00C04F79EFBC}") = "LineCounter", "Chapter17\Templatemethod\LineCounter\LineCounter.csproj", "{186365BD-8317-46C1-97E1-F9358D9E7368}"
EndProject
Project("{2150E333-8FDC-42A3-9474-1A3956D46DE8}") = "Strategy", "Strategy", "{7795EA96-D455-4AFD-8485-8EB9F6F5FC32}"
EndProject
Project("{FAE04EC0-301F-11D3-BF4B-00C04F79EFBC}") = "DicetanceConverter", "Chapter17\Strayegy\DicetanceConverter\DicetanceConverter.csproj", "{C93FDC63-DCBD-4431-B06F-E034DF4DA41E}"
EndProject
Project("{2150E333-8FDC-42A3-9474-1A3956D46DE8}") = "演習問題", "演習問題", "{89B286C5-8170-4343-8E63-B6F9BB61079E}"
EndProject
Project("{FAE04EC0-301F-11D3-BF4B-00C04F79EFBC}") = "Exercise01", "Chapter17\演習問題\Exercise01\Exercise01.csproj", "{639FDE3D-B40E-449F-975D-D418DA207983}"
EndProject
Project("{FAE04EC0-301F-11D3-BF4B-00C04F79EFBC}") = "Exercise02", "Chapter17\演習問題\Exercise02\Exercise02.csproj", "{BCD7A4D0-3929-40F6-B3DD-A067466ACE41}"
EndProject
Project("{2150E333-8FDC-42A3-9474-1A3956D46DE8}") = "WPF", "WPF", "{F0EA50A0-B30F-47CB-AEEA-8F6DD129EB02}"
EndProject
Project("{FAE04EC0-301F-11D3-BF4B-00C04F79EFBC}") = "SampleApplication", "WPF\SampleApplication\SampleApplication.csproj", "{B6EBE1A4-CD48-469E-8FA5-5887F063A5DB}"
EndProject
Project("{FAE04EC0-301F-11D3-BF4B-00C04F79EFBC}") = "LayoutSample", "WPF\LayoutSample\LayoutSample.csproj", "{942BA017-3F3D-40FB-8413-E7FBEBCC4489}"
EndProject
Project("{FAE04EC0-301F-11D3-BF4B-00C04F79EFBC}") = "GridLayoutSample", "WPF\GridLayoutSample\GridLayoutSample.csproj", "{657CA884-AFA1-4787-8C3F-BE55252BD76D}"
EndProject
Project("{FAE04EC0-301F-11D3-BF4B-00C04F79EFBC}") = "SampleSlider", "WPF\SampleSlider\SampleSlider.csproj", "{CE72A408-21EE-44BB-9981-CB636561ACC7}"
EndProject
Project("{FAE04EC0-301F-11D3-BF4B-00C04F79EFBC}") = "ColorChecker", "WPF\ColorChecker\ColorChecker.csproj", "{E4037F0E-FAAA-4360-8023-FE6E814C4435}"
EndProject
Project("{FAE04EC0-301F-11D3-BF4B-00C04F79EFBC}") = "SampleUnitConverter", "WPF\SampleUnitConverter\SampleUnitConverter.csproj", "{D35CCE43-29EF-4E93-90F8-DDB615143201}"
EndProject
Global
	GlobalSection(SolutionConfigurationPlatforms) = preSolution
		Debug|Any CPU = Debug|Any CPU
		Release|Any CPU = Release|Any CPU
	EndGlobalSection
	GlobalSection(ProjectConfigurationPlatforms) = postSolution
		{83994CBB-F92A-4E88-A9A5-E94395A74C85}.Debug|Any CPU.ActiveCfg = Debug|Any CPU
		{83994CBB-F92A-4E88-A9A5-E94395A74C85}.Debug|Any CPU.Build.0 = Debug|Any CPU
		{83994CBB-F92A-4E88-A9A5-E94395A74C85}.Release|Any CPU.ActiveCfg = Release|Any CPU
		{83994CBB-F92A-4E88-A9A5-E94395A74C85}.Release|Any CPU.Build.0 = Release|Any CPU
		{AACB9941-BD41-4391-BD64-57A983C4AC10}.Debug|Any CPU.ActiveCfg = Debug|Any CPU
		{AACB9941-BD41-4391-BD64-57A983C4AC10}.Debug|Any CPU.Build.0 = Debug|Any CPU
		{AACB9941-BD41-4391-BD64-57A983C4AC10}.Release|Any CPU.ActiveCfg = Release|Any CPU
		{AACB9941-BD41-4391-BD64-57A983C4AC10}.Release|Any CPU.Build.0 = Release|Any CPU
		{373AAF52-AE4C-434E-B3B1-792BB1239739}.Debug|Any CPU.ActiveCfg = Debug|Any CPU
		{373AAF52-AE4C-434E-B3B1-792BB1239739}.Debug|Any CPU.Build.0 = Debug|Any CPU
		{373AAF52-AE4C-434E-B3B1-792BB1239739}.Release|Any CPU.ActiveCfg = Release|Any CPU
		{373AAF52-AE4C-434E-B3B1-792BB1239739}.Release|Any CPU.Build.0 = Release|Any CPU
		{85DD5593-0B73-433B-A4BC-8C4B05E99B13}.Debug|Any CPU.ActiveCfg = Debug|Any CPU
		{85DD5593-0B73-433B-A4BC-8C4B05E99B13}.Debug|Any CPU.Build.0 = Debug|Any CPU
		{85DD5593-0B73-433B-A4BC-8C4B05E99B13}.Release|Any CPU.ActiveCfg = Release|Any CPU
		{85DD5593-0B73-433B-A4BC-8C4B05E99B13}.Release|Any CPU.Build.0 = Release|Any CPU
		{B323B73C-0906-476E-8F32-E4BED15EB0FA}.Debug|Any CPU.ActiveCfg = Debug|Any CPU
		{B323B73C-0906-476E-8F32-E4BED15EB0FA}.Debug|Any CPU.Build.0 = Debug|Any CPU
		{B323B73C-0906-476E-8F32-E4BED15EB0FA}.Release|Any CPU.ActiveCfg = Release|Any CPU
		{B323B73C-0906-476E-8F32-E4BED15EB0FA}.Release|Any CPU.Build.0 = Release|Any CPU
		{C78AF35C-69D9-4E4E-A582-BD584A5D6540}.Debug|Any CPU.ActiveCfg = Debug|Any CPU
		{C78AF35C-69D9-4E4E-A582-BD584A5D6540}.Debug|Any CPU.Build.0 = Debug|Any CPU
		{C78AF35C-69D9-4E4E-A582-BD584A5D6540}.Release|Any CPU.ActiveCfg = Release|Any CPU
		{C78AF35C-69D9-4E4E-A582-BD584A5D6540}.Release|Any CPU.Build.0 = Release|Any CPU
		{892690C2-FED3-4AFE-B625-E590697B5345}.Debug|Any CPU.ActiveCfg = Debug|Any CPU
		{892690C2-FED3-4AFE-B625-E590697B5345}.Debug|Any CPU.Build.0 = Debug|Any CPU
		{892690C2-FED3-4AFE-B625-E590697B5345}.Release|Any CPU.ActiveCfg = Release|Any CPU
		{892690C2-FED3-4AFE-B625-E590697B5345}.Release|Any CPU.Build.0 = Release|Any CPU
		{7218195A-9C5E-442A-9B1A-FE86BA5A32B3}.Debug|Any CPU.ActiveCfg = Debug|Any CPU
		{7218195A-9C5E-442A-9B1A-FE86BA5A32B3}.Debug|Any CPU.Build.0 = Debug|Any CPU
		{7218195A-9C5E-442A-9B1A-FE86BA5A32B3}.Release|Any CPU.ActiveCfg = Release|Any CPU
		{7218195A-9C5E-442A-9B1A-FE86BA5A32B3}.Release|Any CPU.Build.0 = Release|Any CPU
		{96914557-1B56-487F-9CC7-D513797ADC91}.Debug|Any CPU.ActiveCfg = Debug|Any CPU
		{96914557-1B56-487F-9CC7-D513797ADC91}.Debug|Any CPU.Build.0 = Debug|Any CPU
		{96914557-1B56-487F-9CC7-D513797ADC91}.Release|Any CPU.ActiveCfg = Release|Any CPU
		{96914557-1B56-487F-9CC7-D513797ADC91}.Release|Any CPU.Build.0 = Release|Any CPU
		{4336E6AD-954C-4A57-A257-EC155F8ABBEC}.Debug|Any CPU.ActiveCfg = Debug|Any CPU
		{4336E6AD-954C-4A57-A257-EC155F8ABBEC}.Debug|Any CPU.Build.0 = Debug|Any CPU
		{4336E6AD-954C-4A57-A257-EC155F8ABBEC}.Release|Any CPU.ActiveCfg = Release|Any CPU
		{4336E6AD-954C-4A57-A257-EC155F8ABBEC}.Release|Any CPU.Build.0 = Release|Any CPU
		{6496F7DA-E69A-4F13-9575-37EBA01790C3}.Debug|Any CPU.ActiveCfg = Debug|Any CPU
		{6496F7DA-E69A-4F13-9575-37EBA01790C3}.Debug|Any CPU.Build.0 = Debug|Any CPU
		{6496F7DA-E69A-4F13-9575-37EBA01790C3}.Release|Any CPU.ActiveCfg = Release|Any CPU
		{6496F7DA-E69A-4F13-9575-37EBA01790C3}.Release|Any CPU.Build.0 = Release|Any CPU
		{A7F76D5A-4DEA-40FE-9EA4-B60DACA2C792}.Debug|Any CPU.ActiveCfg = Debug|Any CPU
		{A7F76D5A-4DEA-40FE-9EA4-B60DACA2C792}.Debug|Any CPU.Build.0 = Debug|Any CPU
		{A7F76D5A-4DEA-40FE-9EA4-B60DACA2C792}.Release|Any CPU.ActiveCfg = Release|Any CPU
		{A7F76D5A-4DEA-40FE-9EA4-B60DACA2C792}.Release|Any CPU.Build.0 = Release|Any CPU
		{377DAA14-679A-41DD-8EE0-5CEAF11C5AF1}.Debug|Any CPU.ActiveCfg = Debug|Any CPU
		{377DAA14-679A-41DD-8EE0-5CEAF11C5AF1}.Debug|Any CPU.Build.0 = Debug|Any CPU
		{377DAA14-679A-41DD-8EE0-5CEAF11C5AF1}.Release|Any CPU.ActiveCfg = Release|Any CPU
		{377DAA14-679A-41DD-8EE0-5CEAF11C5AF1}.Release|Any CPU.Build.0 = Release|Any CPU
		{6A871AA5-917C-4DE3-ACB0-69AD7FD271CD}.Debug|Any CPU.ActiveCfg = Debug|Any CPU
		{6A871AA5-917C-4DE3-ACB0-69AD7FD271CD}.Debug|Any CPU.Build.0 = Debug|Any CPU
		{6A871AA5-917C-4DE3-ACB0-69AD7FD271CD}.Release|Any CPU.ActiveCfg = Release|Any CPU
		{6A871AA5-917C-4DE3-ACB0-69AD7FD271CD}.Release|Any CPU.Build.0 = Release|Any CPU
		{FAF2CE3C-C7FE-4B38-AA1C-C329D355A932}.Debug|Any CPU.ActiveCfg = Debug|Any CPU
		{FAF2CE3C-C7FE-4B38-AA1C-C329D355A932}.Debug|Any CPU.Build.0 = Debug|Any CPU
		{FAF2CE3C-C7FE-4B38-AA1C-C329D355A932}.Release|Any CPU.ActiveCfg = Release|Any CPU
		{FAF2CE3C-C7FE-4B38-AA1C-C329D355A932}.Release|Any CPU.Build.0 = Release|Any CPU
		{42853CD3-BAAC-4726-9EDE-0A3F31CAD409}.Debug|Any CPU.ActiveCfg = Debug|Any CPU
		{42853CD3-BAAC-4726-9EDE-0A3F31CAD409}.Debug|Any CPU.Build.0 = Debug|Any CPU
		{42853CD3-BAAC-4726-9EDE-0A3F31CAD409}.Release|Any CPU.ActiveCfg = Release|Any CPU
		{42853CD3-BAAC-4726-9EDE-0A3F31CAD409}.Release|Any CPU.Build.0 = Release|Any CPU
		{92002FD0-45FE-4AC3-82D2-50DA239F82AF}.Debug|Any CPU.ActiveCfg = Debug|Any CPU
		{92002FD0-45FE-4AC3-82D2-50DA239F82AF}.Debug|Any CPU.Build.0 = Debug|Any CPU
		{92002FD0-45FE-4AC3-82D2-50DA239F82AF}.Release|Any CPU.ActiveCfg = Release|Any CPU
		{92002FD0-45FE-4AC3-82D2-50DA239F82AF}.Release|Any CPU.Build.0 = Release|Any CPU
		{EDA01BCB-F676-48F3-A7F7-EBB0B75930F7}.Debug|Any CPU.ActiveCfg = Debug|Any CPU
		{EDA01BCB-F676-48F3-A7F7-EBB0B75930F7}.Debug|Any CPU.Build.0 = Debug|Any CPU
		{EDA01BCB-F676-48F3-A7F7-EBB0B75930F7}.Release|Any CPU.ActiveCfg = Release|Any CPU
		{EDA01BCB-F676-48F3-A7F7-EBB0B75930F7}.Release|Any CPU.Build.0 = Release|Any CPU
		{663C57E3-9A20-4097-9F50-867EA6EE8264}.Debug|Any CPU.ActiveCfg = Debug|Any CPU
		{663C57E3-9A20-4097-9F50-867EA6EE8264}.Debug|Any CPU.Build.0 = Debug|Any CPU
		{663C57E3-9A20-4097-9F50-867EA6EE8264}.Release|Any CPU.ActiveCfg = Release|Any CPU
		{663C57E3-9A20-4097-9F50-867EA6EE8264}.Release|Any CPU.Build.0 = Release|Any CPU
		{3DE1F591-D2B7-4442-917C-23B94066CE30}.Debug|Any CPU.ActiveCfg = Debug|Any CPU
		{3DE1F591-D2B7-4442-917C-23B94066CE30}.Debug|Any CPU.Build.0 = Debug|Any CPU
		{3DE1F591-D2B7-4442-917C-23B94066CE30}.Release|Any CPU.ActiveCfg = Release|Any CPU
		{3DE1F591-D2B7-4442-917C-23B94066CE30}.Release|Any CPU.Build.0 = Release|Any CPU
		{CEC2FCD7-96D6-4B75-932A-E9470775CDFC}.Debug|Any CPU.ActiveCfg = Debug|Any CPU
		{CEC2FCD7-96D6-4B75-932A-E9470775CDFC}.Debug|Any CPU.Build.0 = Debug|Any CPU
		{CEC2FCD7-96D6-4B75-932A-E9470775CDFC}.Release|Any CPU.ActiveCfg = Release|Any CPU
		{CEC2FCD7-96D6-4B75-932A-E9470775CDFC}.Release|Any CPU.Build.0 = Release|Any CPU
		{B8C81BE6-1EA5-4E71-B80C-711492630065}.Debug|Any CPU.ActiveCfg = Debug|Any CPU
		{B8C81BE6-1EA5-4E71-B80C-711492630065}.Debug|Any CPU.Build.0 = Debug|Any CPU
		{B8C81BE6-1EA5-4E71-B80C-711492630065}.Release|Any CPU.ActiveCfg = Release|Any CPU
		{B8C81BE6-1EA5-4E71-B80C-711492630065}.Release|Any CPU.Build.0 = Release|Any CPU
		{5DCB4732-506E-4E1B-93EA-9846FC0A5C95}.Debug|Any CPU.ActiveCfg = Debug|Any CPU
		{5DCB4732-506E-4E1B-93EA-9846FC0A5C95}.Debug|Any CPU.Build.0 = Debug|Any CPU
		{5DCB4732-506E-4E1B-93EA-9846FC0A5C95}.Release|Any CPU.ActiveCfg = Release|Any CPU
		{5DCB4732-506E-4E1B-93EA-9846FC0A5C95}.Release|Any CPU.Build.0 = Release|Any CPU
		{6E9A1986-9AD6-4150-A185-D5288FA418E4}.Debug|Any CPU.ActiveCfg = Debug|Any CPU
		{6E9A1986-9AD6-4150-A185-D5288FA418E4}.Debug|Any CPU.Build.0 = Debug|Any CPU
		{6E9A1986-9AD6-4150-A185-D5288FA418E4}.Release|Any CPU.ActiveCfg = Release|Any CPU
		{6E9A1986-9AD6-4150-A185-D5288FA418E4}.Release|Any CPU.Build.0 = Release|Any CPU
		{8F71B911-FDA8-4353-862E-9ABDA7528BFC}.Debug|Any CPU.ActiveCfg = Debug|Any CPU
		{8F71B911-FDA8-4353-862E-9ABDA7528BFC}.Debug|Any CPU.Build.0 = Debug|Any CPU
		{8F71B911-FDA8-4353-862E-9ABDA7528BFC}.Release|Any CPU.ActiveCfg = Release|Any CPU
		{8F71B911-FDA8-4353-862E-9ABDA7528BFC}.Release|Any CPU.Build.0 = Release|Any CPU
		{CD10C143-4D4C-48BE-96DC-EF2CCCB18CD7}.Debug|Any CPU.ActiveCfg = Debug|Any CPU
		{CD10C143-4D4C-48BE-96DC-EF2CCCB18CD7}.Debug|Any CPU.Build.0 = Debug|Any CPU
		{CD10C143-4D4C-48BE-96DC-EF2CCCB18CD7}.Release|Any CPU.ActiveCfg = Release|Any CPU
		{CD10C143-4D4C-48BE-96DC-EF2CCCB18CD7}.Release|Any CPU.Build.0 = Release|Any CPU
		{2BFACDC3-F44D-4199-8498-F5C3C4AC0335}.Debug|Any CPU.ActiveCfg = Debug|Any CPU
		{2BFACDC3-F44D-4199-8498-F5C3C4AC0335}.Debug|Any CPU.Build.0 = Debug|Any CPU
		{2BFACDC3-F44D-4199-8498-F5C3C4AC0335}.Release|Any CPU.ActiveCfg = Release|Any CPU
		{2BFACDC3-F44D-4199-8498-F5C3C4AC0335}.Release|Any CPU.Build.0 = Release|Any CPU
		{E461C0A8-8900-485C-B520-E929BA33F712}.Debug|Any CPU.ActiveCfg = Debug|Any CPU
		{E461C0A8-8900-485C-B520-E929BA33F712}.Debug|Any CPU.Build.0 = Debug|Any CPU
		{E461C0A8-8900-485C-B520-E929BA33F712}.Release|Any CPU.ActiveCfg = Release|Any CPU
		{E461C0A8-8900-485C-B520-E929BA33F712}.Release|Any CPU.Build.0 = Release|Any CPU
		{16A8D6C4-1A62-425A-8E8B-EE4E8CBD4BBF}.Debug|Any CPU.ActiveCfg = Debug|Any CPU
		{16A8D6C4-1A62-425A-8E8B-EE4E8CBD4BBF}.Debug|Any CPU.Build.0 = Debug|Any CPU
		{16A8D6C4-1A62-425A-8E8B-EE4E8CBD4BBF}.Release|Any CPU.ActiveCfg = Release|Any CPU
		{16A8D6C4-1A62-425A-8E8B-EE4E8CBD4BBF}.Release|Any CPU.Build.0 = Release|Any CPU
		{935D7B14-DF7B-4444-A262-2CC634EFFAC6}.Debug|Any CPU.ActiveCfg = Debug|Any CPU
		{935D7B14-DF7B-4444-A262-2CC634EFFAC6}.Debug|Any CPU.Build.0 = Debug|Any CPU
		{935D7B14-DF7B-4444-A262-2CC634EFFAC6}.Release|Any CPU.ActiveCfg = Release|Any CPU
		{935D7B14-DF7B-4444-A262-2CC634EFFAC6}.Release|Any CPU.Build.0 = Release|Any CPU
		{E299EEF3-3992-4F32-B4D4-3330E5B8373F}.Debug|Any CPU.ActiveCfg = Debug|Any CPU
		{E299EEF3-3992-4F32-B4D4-3330E5B8373F}.Debug|Any CPU.Build.0 = Debug|Any CPU
		{E299EEF3-3992-4F32-B4D4-3330E5B8373F}.Release|Any CPU.ActiveCfg = Release|Any CPU
		{E299EEF3-3992-4F32-B4D4-3330E5B8373F}.Release|Any CPU.Build.0 = Release|Any CPU
		{42FD4484-2B12-4942-8455-A9952B54904E}.Debug|Any CPU.ActiveCfg = Debug|Any CPU
		{42FD4484-2B12-4942-8455-A9952B54904E}.Debug|Any CPU.Build.0 = Debug|Any CPU
		{42FD4484-2B12-4942-8455-A9952B54904E}.Release|Any CPU.ActiveCfg = Release|Any CPU
		{42FD4484-2B12-4942-8455-A9952B54904E}.Release|Any CPU.Build.0 = Release|Any CPU
		{F2738554-78F2-4B45-B173-7E07BF06E0EB}.Debug|Any CPU.ActiveCfg = Debug|Any CPU
		{F2738554-78F2-4B45-B173-7E07BF06E0EB}.Debug|Any CPU.Build.0 = Debug|Any CPU
		{F2738554-78F2-4B45-B173-7E07BF06E0EB}.Release|Any CPU.ActiveCfg = Release|Any CPU
		{F2738554-78F2-4B45-B173-7E07BF06E0EB}.Release|Any CPU.Build.0 = Release|Any CPU
		{83748C11-0C1D-4989-A367-5FB72C7F64D1}.Debug|Any CPU.ActiveCfg = Debug|Any CPU
		{83748C11-0C1D-4989-A367-5FB72C7F64D1}.Debug|Any CPU.Build.0 = Debug|Any CPU
		{83748C11-0C1D-4989-A367-5FB72C7F64D1}.Release|Any CPU.ActiveCfg = Release|Any CPU
		{83748C11-0C1D-4989-A367-5FB72C7F64D1}.Release|Any CPU.Build.0 = Release|Any CPU
		{05DF60A3-69E1-4497-B32B-011A01C525AB}.Debug|Any CPU.ActiveCfg = Debug|Any CPU
		{05DF60A3-69E1-4497-B32B-011A01C525AB}.Debug|Any CPU.Build.0 = Debug|Any CPU
		{05DF60A3-69E1-4497-B32B-011A01C525AB}.Release|Any CPU.ActiveCfg = Release|Any CPU
		{05DF60A3-69E1-4497-B32B-011A01C525AB}.Release|Any CPU.Build.0 = Release|Any CPU
		{F5DC095C-136C-4A29-B23D-DA36FD43D04F}.Debug|Any CPU.ActiveCfg = Debug|Any CPU
		{F5DC095C-136C-4A29-B23D-DA36FD43D04F}.Debug|Any CPU.Build.0 = Debug|Any CPU
		{F5DC095C-136C-4A29-B23D-DA36FD43D04F}.Release|Any CPU.ActiveCfg = Release|Any CPU
		{F5DC095C-136C-4A29-B23D-DA36FD43D04F}.Release|Any CPU.Build.0 = Release|Any CPU
		{FBDD8336-77FA-40B4-A865-B1CA3931229C}.Debug|Any CPU.ActiveCfg = Debug|Any CPU
		{FBDD8336-77FA-40B4-A865-B1CA3931229C}.Debug|Any CPU.Build.0 = Debug|Any CPU
		{FBDD8336-77FA-40B4-A865-B1CA3931229C}.Release|Any CPU.ActiveCfg = Release|Any CPU
		{FBDD8336-77FA-40B4-A865-B1CA3931229C}.Release|Any CPU.Build.0 = Release|Any CPU
		{5FA3DAAD-B171-4EAC-BEC0-A5B4923F1FA2}.Debug|Any CPU.ActiveCfg = Debug|Any CPU
		{5FA3DAAD-B171-4EAC-BEC0-A5B4923F1FA2}.Debug|Any CPU.Build.0 = Debug|Any CPU
		{5FA3DAAD-B171-4EAC-BEC0-A5B4923F1FA2}.Release|Any CPU.ActiveCfg = Release|Any CPU
		{5FA3DAAD-B171-4EAC-BEC0-A5B4923F1FA2}.Release|Any CPU.Build.0 = Release|Any CPU
		{7ECCB0C3-71AD-41C0-B3CC-3646217397DA}.Debug|Any CPU.ActiveCfg = Debug|Any CPU
		{7ECCB0C3-71AD-41C0-B3CC-3646217397DA}.Debug|Any CPU.Build.0 = Debug|Any CPU
		{7ECCB0C3-71AD-41C0-B3CC-3646217397DA}.Release|Any CPU.ActiveCfg = Release|Any CPU
		{7ECCB0C3-71AD-41C0-B3CC-3646217397DA}.Release|Any CPU.Build.0 = Release|Any CPU
		{7A74667F-FCCB-436A-B59F-198B47AB2213}.Debug|Any CPU.ActiveCfg = Debug|Any CPU
		{7A74667F-FCCB-436A-B59F-198B47AB2213}.Debug|Any CPU.Build.0 = Debug|Any CPU
		{7A74667F-FCCB-436A-B59F-198B47AB2213}.Release|Any CPU.ActiveCfg = Release|Any CPU
		{7A74667F-FCCB-436A-B59F-198B47AB2213}.Release|Any CPU.Build.0 = Release|Any CPU
		{6B076528-8039-4152-B90B-0561E2BDD09A}.Debug|Any CPU.ActiveCfg = Debug|Any CPU
		{6B076528-8039-4152-B90B-0561E2BDD09A}.Debug|Any CPU.Build.0 = Debug|Any CPU
		{6B076528-8039-4152-B90B-0561E2BDD09A}.Release|Any CPU.ActiveCfg = Release|Any CPU
		{6B076528-8039-4152-B90B-0561E2BDD09A}.Release|Any CPU.Build.0 = Release|Any CPU
		{F1E29DDA-6BE5-4AD3-9053-64AC6897F9B8}.Debug|Any CPU.ActiveCfg = Debug|Any CPU
		{F1E29DDA-6BE5-4AD3-9053-64AC6897F9B8}.Debug|Any CPU.Build.0 = Debug|Any CPU
		{F1E29DDA-6BE5-4AD3-9053-64AC6897F9B8}.Release|Any CPU.ActiveCfg = Release|Any CPU
		{F1E29DDA-6BE5-4AD3-9053-64AC6897F9B8}.Release|Any CPU.Build.0 = Release|Any CPU
		{1A569092-18ED-4BD8-A877-1C871CB100D8}.Debug|Any CPU.ActiveCfg = Debug|Any CPU
		{1A569092-18ED-4BD8-A877-1C871CB100D8}.Debug|Any CPU.Build.0 = Debug|Any CPU
		{1A569092-18ED-4BD8-A877-1C871CB100D8}.Release|Any CPU.ActiveCfg = Release|Any CPU
		{1A569092-18ED-4BD8-A877-1C871CB100D8}.Release|Any CPU.Build.0 = Release|Any CPU
		{30119E5B-B220-404B-A842-885064CEE8FB}.Debug|Any CPU.ActiveCfg = Debug|Any CPU
		{30119E5B-B220-404B-A842-885064CEE8FB}.Debug|Any CPU.Build.0 = Debug|Any CPU
		{30119E5B-B220-404B-A842-885064CEE8FB}.Release|Any CPU.ActiveCfg = Release|Any CPU
		{30119E5B-B220-404B-A842-885064CEE8FB}.Release|Any CPU.Build.0 = Release|Any CPU
		{0B09B41F-BBB3-49EA-A0E8-703795269BA9}.Debug|Any CPU.ActiveCfg = Debug|Any CPU
		{0B09B41F-BBB3-49EA-A0E8-703795269BA9}.Debug|Any CPU.Build.0 = Debug|Any CPU
		{0B09B41F-BBB3-49EA-A0E8-703795269BA9}.Release|Any CPU.ActiveCfg = Release|Any CPU
		{0B09B41F-BBB3-49EA-A0E8-703795269BA9}.Release|Any CPU.Build.0 = Release|Any CPU
		{0FEE1704-D99F-467D-AC44-4CDF60DF9F81}.Debug|Any CPU.ActiveCfg = Debug|Any CPU
		{0FEE1704-D99F-467D-AC44-4CDF60DF9F81}.Debug|Any CPU.Build.0 = Debug|Any CPU
		{0FEE1704-D99F-467D-AC44-4CDF60DF9F81}.Release|Any CPU.ActiveCfg = Release|Any CPU
		{0FEE1704-D99F-467D-AC44-4CDF60DF9F81}.Release|Any CPU.Build.0 = Release|Any CPU
		{3E572B4F-73FD-4669-915A-94845A9759F5}.Debug|Any CPU.ActiveCfg = Debug|Any CPU
		{3E572B4F-73FD-4669-915A-94845A9759F5}.Debug|Any CPU.Build.0 = Debug|Any CPU
		{3E572B4F-73FD-4669-915A-94845A9759F5}.Release|Any CPU.ActiveCfg = Release|Any CPU
		{3E572B4F-73FD-4669-915A-94845A9759F5}.Release|Any CPU.Build.0 = Release|Any CPU
		{BE7442BD-1639-4EDD-B770-00D8D1C53DAF}.Debug|Any CPU.ActiveCfg = Debug|Any CPU
		{BE7442BD-1639-4EDD-B770-00D8D1C53DAF}.Debug|Any CPU.Build.0 = Debug|Any CPU
		{BE7442BD-1639-4EDD-B770-00D8D1C53DAF}.Release|Any CPU.ActiveCfg = Release|Any CPU
		{BE7442BD-1639-4EDD-B770-00D8D1C53DAF}.Release|Any CPU.Build.0 = Release|Any CPU
		{94E678E9-4516-475A-9FDA-7D6234A6C760}.Debug|Any CPU.ActiveCfg = Debug|Any CPU
		{94E678E9-4516-475A-9FDA-7D6234A6C760}.Debug|Any CPU.Build.0 = Debug|Any CPU
		{94E678E9-4516-475A-9FDA-7D6234A6C760}.Release|Any CPU.ActiveCfg = Release|Any CPU
		{94E678E9-4516-475A-9FDA-7D6234A6C760}.Release|Any CPU.Build.0 = Release|Any CPU
		{FE03716E-82F9-4DF0-84CB-09D10A661093}.Debug|Any CPU.ActiveCfg = Debug|Any CPU
		{FE03716E-82F9-4DF0-84CB-09D10A661093}.Debug|Any CPU.Build.0 = Debug|Any CPU
		{FE03716E-82F9-4DF0-84CB-09D10A661093}.Release|Any CPU.ActiveCfg = Release|Any CPU
		{FE03716E-82F9-4DF0-84CB-09D10A661093}.Release|Any CPU.Build.0 = Release|Any CPU
		{A0BCFB46-03BD-41C6-9F04-70FC79D9320B}.Debug|Any CPU.ActiveCfg = Debug|Any CPU
		{A0BCFB46-03BD-41C6-9F04-70FC79D9320B}.Debug|Any CPU.Build.0 = Debug|Any CPU
		{A0BCFB46-03BD-41C6-9F04-70FC79D9320B}.Release|Any CPU.ActiveCfg = Release|Any CPU
		{A0BCFB46-03BD-41C6-9F04-70FC79D9320B}.Release|Any CPU.Build.0 = Release|Any CPU
		{47A96DEE-985B-4D83-B3F9-179107DDA7A3}.Debug|Any CPU.ActiveCfg = Debug|Any CPU
		{47A96DEE-985B-4D83-B3F9-179107DDA7A3}.Debug|Any CPU.Build.0 = Debug|Any CPU
		{47A96DEE-985B-4D83-B3F9-179107DDA7A3}.Release|Any CPU.ActiveCfg = Release|Any CPU
		{47A96DEE-985B-4D83-B3F9-179107DDA7A3}.Release|Any CPU.Build.0 = Release|Any CPU
		{DA83BBD5-5BAF-4868-916E-985215BDE41A}.Debug|Any CPU.ActiveCfg = Debug|Any CPU
		{DA83BBD5-5BAF-4868-916E-985215BDE41A}.Debug|Any CPU.Build.0 = Debug|Any CPU
		{DA83BBD5-5BAF-4868-916E-985215BDE41A}.Release|Any CPU.ActiveCfg = Release|Any CPU
		{DA83BBD5-5BAF-4868-916E-985215BDE41A}.Release|Any CPU.Build.0 = Release|Any CPU
		{9511D1D5-4FE7-46C6-9292-32D471558406}.Debug|Any CPU.ActiveCfg = Debug|Any CPU
		{9511D1D5-4FE7-46C6-9292-32D471558406}.Debug|Any CPU.Build.0 = Debug|Any CPU
		{9511D1D5-4FE7-46C6-9292-32D471558406}.Release|Any CPU.ActiveCfg = Release|Any CPU
		{9511D1D5-4FE7-46C6-9292-32D471558406}.Release|Any CPU.Build.0 = Release|Any CPU
		{186365BD-8317-46C1-97E1-F9358D9E7368}.Debug|Any CPU.ActiveCfg = Debug|Any CPU
		{186365BD-8317-46C1-97E1-F9358D9E7368}.Debug|Any CPU.Build.0 = Debug|Any CPU
		{186365BD-8317-46C1-97E1-F9358D9E7368}.Release|Any CPU.ActiveCfg = Release|Any CPU
		{186365BD-8317-46C1-97E1-F9358D9E7368}.Release|Any CPU.Build.0 = Release|Any CPU
		{C93FDC63-DCBD-4431-B06F-E034DF4DA41E}.Debug|Any CPU.ActiveCfg = Debug|Any CPU
		{C93FDC63-DCBD-4431-B06F-E034DF4DA41E}.Debug|Any CPU.Build.0 = Debug|Any CPU
		{C93FDC63-DCBD-4431-B06F-E034DF4DA41E}.Release|Any CPU.ActiveCfg = Release|Any CPU
		{C93FDC63-DCBD-4431-B06F-E034DF4DA41E}.Release|Any CPU.Build.0 = Release|Any CPU
		{639FDE3D-B40E-449F-975D-D418DA207983}.Debug|Any CPU.ActiveCfg = Debug|Any CPU
		{639FDE3D-B40E-449F-975D-D418DA207983}.Debug|Any CPU.Build.0 = Debug|Any CPU
		{639FDE3D-B40E-449F-975D-D418DA207983}.Release|Any CPU.ActiveCfg = Release|Any CPU
		{639FDE3D-B40E-449F-975D-D418DA207983}.Release|Any CPU.Build.0 = Release|Any CPU
		{BCD7A4D0-3929-40F6-B3DD-A067466ACE41}.Debug|Any CPU.ActiveCfg = Debug|Any CPU
		{BCD7A4D0-3929-40F6-B3DD-A067466ACE41}.Debug|Any CPU.Build.0 = Debug|Any CPU
		{BCD7A4D0-3929-40F6-B3DD-A067466ACE41}.Release|Any CPU.ActiveCfg = Release|Any CPU
		{BCD7A4D0-3929-40F6-B3DD-A067466ACE41}.Release|Any CPU.Build.0 = Release|Any CPU
		{B6EBE1A4-CD48-469E-8FA5-5887F063A5DB}.Debug|Any CPU.ActiveCfg = Debug|Any CPU
		{B6EBE1A4-CD48-469E-8FA5-5887F063A5DB}.Debug|Any CPU.Build.0 = Debug|Any CPU
		{B6EBE1A4-CD48-469E-8FA5-5887F063A5DB}.Release|Any CPU.ActiveCfg = Release|Any CPU
		{B6EBE1A4-CD48-469E-8FA5-5887F063A5DB}.Release|Any CPU.Build.0 = Release|Any CPU
		{942BA017-3F3D-40FB-8413-E7FBEBCC4489}.Debug|Any CPU.ActiveCfg = Debug|Any CPU
		{942BA017-3F3D-40FB-8413-E7FBEBCC4489}.Debug|Any CPU.Build.0 = Debug|Any CPU
		{942BA017-3F3D-40FB-8413-E7FBEBCC4489}.Release|Any CPU.ActiveCfg = Release|Any CPU
		{942BA017-3F3D-40FB-8413-E7FBEBCC4489}.Release|Any CPU.Build.0 = Release|Any CPU
		{657CA884-AFA1-4787-8C3F-BE55252BD76D}.Debug|Any CPU.ActiveCfg = Debug|Any CPU
		{657CA884-AFA1-4787-8C3F-BE55252BD76D}.Debug|Any CPU.Build.0 = Debug|Any CPU
		{657CA884-AFA1-4787-8C3F-BE55252BD76D}.Release|Any CPU.ActiveCfg = Release|Any CPU
		{657CA884-AFA1-4787-8C3F-BE55252BD76D}.Release|Any CPU.Build.0 = Release|Any CPU
		{CE72A408-21EE-44BB-9981-CB636561ACC7}.Debug|Any CPU.ActiveCfg = Debug|Any CPU
		{CE72A408-21EE-44BB-9981-CB636561ACC7}.Debug|Any CPU.Build.0 = Debug|Any CPU
		{CE72A408-21EE-44BB-9981-CB636561ACC7}.Release|Any CPU.ActiveCfg = Release|Any CPU
		{CE72A408-21EE-44BB-9981-CB636561ACC7}.Release|Any CPU.Build.0 = Release|Any CPU
		{E4037F0E-FAAA-4360-8023-FE6E814C4435}.Debug|Any CPU.ActiveCfg = Debug|Any CPU
		{E4037F0E-FAAA-4360-8023-FE6E814C4435}.Debug|Any CPU.Build.0 = Debug|Any CPU
		{E4037F0E-FAAA-4360-8023-FE6E814C4435}.Release|Any CPU.ActiveCfg = Release|Any CPU
		{E4037F0E-FAAA-4360-8023-FE6E814C4435}.Release|Any CPU.Build.0 = Release|Any CPU
		{D35CCE43-29EF-4E93-90F8-DDB615143201}.Debug|Any CPU.ActiveCfg = Debug|Any CPU
		{D35CCE43-29EF-4E93-90F8-DDB615143201}.Debug|Any CPU.Build.0 = Debug|Any CPU
		{D35CCE43-29EF-4E93-90F8-DDB615143201}.Release|Any CPU.ActiveCfg = Release|Any CPU
		{D35CCE43-29EF-4E93-90F8-DDB615143201}.Release|Any CPU.Build.0 = Release|Any CPU
	EndGlobalSection
	GlobalSection(SolutionProperties) = preSolution
		HideSolutionNode = FALSE
	EndGlobalSection
	GlobalSection(NestedProjects) = preSolution
		{83994CBB-F92A-4E88-A9A5-E94395A74C85} = {D6057816-7EBA-40E4-9D05-101D1565086A}
		{AACB9941-BD41-4391-BD64-57A983C4AC10} = {D6057816-7EBA-40E4-9D05-101D1565086A}
		{373AAF52-AE4C-434E-B3B1-792BB1239739} = {D6057816-7EBA-40E4-9D05-101D1565086A}
		{85DD5593-0B73-433B-A4BC-8C4B05E99B13} = {8829AB7E-2476-4475-B18D-9F0BD43FE9E8}
		{74FADB7F-62A5-48A0-8E3E-5A6FB7833FD1} = {52CA8BA8-538D-4085-8C40-FEAAC6172889}
		{B323B73C-0906-476E-8F32-E4BED15EB0FA} = {52CA8BA8-538D-4085-8C40-FEAAC6172889}
		{359A801F-2EA2-4582-9478-4F68A60CF213} = {52CA8BA8-538D-4085-8C40-FEAAC6172889}
		{C78AF35C-69D9-4E4E-A582-BD584A5D6540} = {359A801F-2EA2-4582-9478-4F68A60CF213}
		{2472AB42-8F53-4B00-B28A-CE80B123EC0A} = {52CA8BA8-538D-4085-8C40-FEAAC6172889}
		{892690C2-FED3-4AFE-B625-E590697B5345} = {2472AB42-8F53-4B00-B28A-CE80B123EC0A}
		{7218195A-9C5E-442A-9B1A-FE86BA5A32B3} = {2472AB42-8F53-4B00-B28A-CE80B123EC0A}
		{96914557-1B56-487F-9CC7-D513797ADC91} = {2472AB42-8F53-4B00-B28A-CE80B123EC0A}
		{4336E6AD-954C-4A57-A257-EC155F8ABBEC} = {0C2EE3F2-634E-401E-8982-5E0F00313B90}
		{6496F7DA-E69A-4F13-9575-37EBA01790C3} = {0C2EE3F2-634E-401E-8982-5E0F00313B90}
		{A7F76D5A-4DEA-40FE-9EA4-B60DACA2C792} = {0C2EE3F2-634E-401E-8982-5E0F00313B90}
		{C6B19A2F-E47A-4793-89FB-EC0B35520751} = {0C2EE3F2-634E-401E-8982-5E0F00313B90}
		{377DAA14-679A-41DD-8EE0-5CEAF11C5AF1} = {C6B19A2F-E47A-4793-89FB-EC0B35520751}
		{6A871AA5-917C-4DE3-ACB0-69AD7FD271CD} = {C6B19A2F-E47A-4793-89FB-EC0B35520751}
		{FAF2CE3C-C7FE-4B38-AA1C-C329D355A932} = {E4BF9F86-F6B2-4391-91C2-865D32621FC5}
		{E4BF9F86-F6B2-4391-91C2-865D32621FC5} = {6809A600-BFAB-4BE1-948B-BEB2AEA29241}
		{569241ED-0F77-48DB-B1A7-3E67A7B69C87} = {6809A600-BFAB-4BE1-948B-BEB2AEA29241}
		{42853CD3-BAAC-4726-9EDE-0A3F31CAD409} = {569241ED-0F77-48DB-B1A7-3E67A7B69C87}
		{250F2A5E-1AF6-4831-A44B-1DC72E974B56} = {6809A600-BFAB-4BE1-948B-BEB2AEA29241}
		{92002FD0-45FE-4AC3-82D2-50DA239F82AF} = {250F2A5E-1AF6-4831-A44B-1DC72E974B56}
		{EDA01BCB-F676-48F3-A7F7-EBB0B75930F7} = {250F2A5E-1AF6-4831-A44B-1DC72E974B56}
		{9F405643-8330-4203-AD69-BCCC2C234312} = {9C8D39C4-81CE-4888-8C7D-2BC6A168F839}
		{663C57E3-9A20-4097-9F50-867EA6EE8264} = {9F405643-8330-4203-AD69-BCCC2C234312}
		{3DE1F591-D2B7-4442-917C-23B94066CE30} = {9F405643-8330-4203-AD69-BCCC2C234312}
		{CEC2FCD7-96D6-4B75-932A-E9470775CDFC} = {9F405643-8330-4203-AD69-BCCC2C234312}
		{B8C81BE6-1EA5-4E71-B80C-711492630065} = {9F405643-8330-4203-AD69-BCCC2C234312}
		{4D4EB797-114C-4C2F-A137-64F8EDE34013} = {1D6F3427-C471-4F22-8FF7-A7B040245EF0}
		{5DCB4732-506E-4E1B-93EA-9846FC0A5C95} = {4D4EB797-114C-4C2F-A137-64F8EDE34013}
		{6E9A1986-9AD6-4150-A185-D5288FA418E4} = {4D4EB797-114C-4C2F-A137-64F8EDE34013}
		{12D2D34B-67F1-439D-B671-2E325704B63C} = {4D4EB797-114C-4C2F-A137-64F8EDE34013}
		{8F71B911-FDA8-4353-862E-9ABDA7528BFC} = {12D2D34B-67F1-439D-B671-2E325704B63C}
		{CD10C143-4D4C-48BE-96DC-EF2CCCB18CD7} = {12D2D34B-67F1-439D-B671-2E325704B63C}
		{2BFACDC3-F44D-4199-8498-F5C3C4AC0335} = {120FDB0E-7996-4C8C-8AB5-C55FAC5BB2B2}
		{E461C0A8-8900-485C-B520-E929BA33F712} = {120FDB0E-7996-4C8C-8AB5-C55FAC5BB2B2}
		{16A8D6C4-1A62-425A-8E8B-EE4E8CBD4BBF} = {1D6F3427-C471-4F22-8FF7-A7B040245EF0}
		{935D7B14-DF7B-4444-A262-2CC634EFFAC6} = {1D6F3427-C471-4F22-8FF7-A7B040245EF0}
		{E299EEF3-3992-4F32-B4D4-3330E5B8373F} = {1D6F3427-C471-4F22-8FF7-A7B040245EF0}
		{E9807652-5327-476D-8001-99A667292E48} = {1D6F3427-C471-4F22-8FF7-A7B040245EF0}
		{42FD4484-2B12-4942-8455-A9952B54904E} = {E9807652-5327-476D-8001-99A667292E48}
		{F2738554-78F2-4B45-B173-7E07BF06E0EB} = {E9807652-5327-476D-8001-99A667292E48}
		{ECA566A8-B988-4D85-8F3A-89846C291ECE} = {A1F6B756-FBEF-4615-83AF-DB0C85382D6A}
		{83748C11-0C1D-4989-A367-5FB72C7F64D1} = {ECA566A8-B988-4D85-8F3A-89846C291ECE}
		{05DF60A3-69E1-4497-B32B-011A01C525AB} = {ECA566A8-B988-4D85-8F3A-89846C291ECE}
		{03D78BDA-F853-4323-95A6-23EDB122A2CC} = {A1F6B756-FBEF-4615-83AF-DB0C85382D6A}
		{F5DC095C-136C-4A29-B23D-DA36FD43D04F} = {03D78BDA-F853-4323-95A6-23EDB122A2CC}
		{FBDD8336-77FA-40B4-A865-B1CA3931229C} = {84857939-440E-42E6-9375-0541AEF5C98C}
		{5FA3DAAD-B171-4EAC-BEC0-A5B4923F1FA2} = {373EE57F-8E42-4DD5-9AC8-142C4FCD065D}
		{7ECCB0C3-71AD-41C0-B3CC-3646217397DA} = {E209036C-F0E0-420C-93D3-65D45D97992F}
		{7A74667F-FCCB-436A-B59F-198B47AB2213} = {E209036C-F0E0-420C-93D3-65D45D97992F}
		{6B076528-8039-4152-B90B-0561E2BDD09A} = {E209036C-F0E0-420C-93D3-65D45D97992F}
		{F1E29DDA-6BE5-4AD3-9053-64AC6897F9B8} = {84857939-440E-42E6-9375-0541AEF5C98C}
		{1A569092-18ED-4BD8-A877-1C871CB100D8} = {FD890A5F-EFDC-465D-BD95-3DA59A5FD29F}
		{30119E5B-B220-404B-A842-885064CEE8FB} = {FD890A5F-EFDC-465D-BD95-3DA59A5FD29F}
		{C1E91714-FB39-439E-8239-D49EDAD39F74} = {FD890A5F-EFDC-465D-BD95-3DA59A5FD29F}
		{0B09B41F-BBB3-49EA-A0E8-703795269BA9} = {C1E91714-FB39-439E-8239-D49EDAD39F74}
		{0FEE1704-D99F-467D-AC44-4CDF60DF9F81} = {C1E91714-FB39-439E-8239-D49EDAD39F74}
		{3E572B4F-73FD-4669-915A-94845A9759F5} = {C1E91714-FB39-439E-8239-D49EDAD39F74}
		{BE7442BD-1639-4EDD-B770-00D8D1C53DAF} = {C1E91714-FB39-439E-8239-D49EDAD39F74}
		{94E678E9-4516-475A-9FDA-7D6234A6C760} = {C1E91714-FB39-439E-8239-D49EDAD39F74}
		{FE03716E-82F9-4DF0-84CB-09D10A661093} = {C1E91714-FB39-439E-8239-D49EDAD39F74}
		{A0BCFB46-03BD-41C6-9F04-70FC79D9320B} = {D46FD70E-DDAB-4488-923C-A3AB346D375C}
		{81FF9E02-4763-448F-8BF2-811DFCA9D096} = {D46FD70E-DDAB-4488-923C-A3AB346D375C}
		{47A96DEE-985B-4D83-B3F9-179107DDA7A3} = {81FF9E02-4763-448F-8BF2-811DFCA9D096}
		{DA83BBD5-5BAF-4868-916E-985215BDE41A} = {573394C2-8E16-4EF6-B94A-394B954E512C}
		{ABBF86D9-3792-4284-8077-9FFD13D58811} = {573394C2-8E16-4EF6-B94A-394B954E512C}
		{9511D1D5-4FE7-46C6-9292-32D471558406} = {ABBF86D9-3792-4284-8077-9FFD13D58811}
		{186365BD-8317-46C1-97E1-F9358D9E7368} = {ABBF86D9-3792-4284-8077-9FFD13D58811}
		{7795EA96-D455-4AFD-8485-8EB9F6F5FC32} = {573394C2-8E16-4EF6-B94A-394B954E512C}
		{C93FDC63-DCBD-4431-B06F-E034DF4DA41E} = {7795EA96-D455-4AFD-8485-8EB9F6F5FC32}
		{89B286C5-8170-4343-8E63-B6F9BB61079E} = {573394C2-8E16-4EF6-B94A-394B954E512C}
		{639FDE3D-B40E-449F-975D-D418DA207983} = {89B286C5-8170-4343-8E63-B6F9BB61079E}
		{BCD7A4D0-3929-40F6-B3DD-A067466ACE41} = {89B286C5-8170-4343-8E63-B6F9BB61079E}
		{B6EBE1A4-CD48-469E-8FA5-5887F063A5DB} = {F0EA50A0-B30F-47CB-AEEA-8F6DD129EB02}
		{942BA017-3F3D-40FB-8413-E7FBEBCC4489} = {F0EA50A0-B30F-47CB-AEEA-8F6DD129EB02}
		{657CA884-AFA1-4787-8C3F-BE55252BD76D} = {F0EA50A0-B30F-47CB-AEEA-8F6DD129EB02}
		{CE72A408-21EE-44BB-9981-CB636561ACC7} = {F0EA50A0-B30F-47CB-AEEA-8F6DD129EB02}
		{E4037F0E-FAAA-4360-8023-FE6E814C4435} = {F0EA50A0-B30F-47CB-AEEA-8F6DD129EB02}
		{D35CCE43-29EF-4E93-90F8-DDB615143201} = {F0EA50A0-B30F-47CB-AEEA-8F6DD129EB02}
	EndGlobalSection
	GlobalSection(ExtensibilityGlobals) = postSolution
		SolutionGuid = {E1B1FA2A-4C67-40ED-9F2D-4B00BB049E44}
	EndGlobalSection
EndGlobal
